
Microsoft Visual Studio Solution File, Format Version 12.00
# Visual Studio 2015
Project("{FAE04EC0-301F-11D3-BF4B-00C04F79EFBC}") = "Space Shooter 2.CSharp", "Space Shooter 2.CSharp.csproj", "{56E2CC60-2646-35DC-75D1-D932C7855645}"
EndProject
Project("{FAE04EC0-301F-11D3-BF4B-00C04F79EFBC}") = "Space Shooter 2.CSharp.Editor", "Space Shooter 2.CSharp.Editor.csproj", "{6D2A5B92-FB77-E587-E2EF-4AFD366DF326}"
EndProject
Global
	GlobalSection(SolutionConfigurationPlatforms) = preSolution
		Debug|Any CPU = Debug|Any CPU
		Release|Any CPU = Release|Any CPU
	EndGlobalSection
	GlobalSection(ProjectConfigurationPlatforms) = postSolution
		{56E2CC60-2646-35DC-75D1-D932C7855645}.Debug|Any CPU.ActiveCfg = Debug|Any CPU
		{56E2CC60-2646-35DC-75D1-D932C7855645}.Debug|Any CPU.Build.0 = Debug|Any CPU
		{56E2CC60-2646-35DC-75D1-D932C7855645}.Release|Any CPU.ActiveCfg = Release|Any CPU
		{56E2CC60-2646-35DC-75D1-D932C7855645}.Release|Any CPU.Build.0 = Release|Any CPU
		{6D2A5B92-FB77-E587-E2EF-4AFD366DF326}.Debug|Any CPU.ActiveCfg = Debug|Any CPU
		{6D2A5B92-FB77-E587-E2EF-4AFD366DF326}.Debug|Any CPU.Build.0 = Debug|Any CPU
		{6D2A5B92-FB77-E587-E2EF-4AFD366DF326}.Release|Any CPU.ActiveCfg = Release|Any CPU
		{6D2A5B92-FB77-E587-E2EF-4AFD366DF326}.Release|Any CPU.Build.0 = Release|Any CPU
	EndGlobalSection
	GlobalSection(SolutionProperties) = preSolution
		HideSolutionNode = FALSE
	EndGlobalSection
EndGlobal
