
Microsoft Visual Studio Solution File, Format Version 12.00
# Visual Studio 2015
Project("{FAE04EC0-301F-11D3-BF4B-00C04F79EFBC}") = "MissionDemolition.CSharp", "MissionDemolition.CSharp.csproj", "{39555D6E-9347-B06D-EAC7-AB1F2BDF3421}"
EndProject
Global
	GlobalSection(SolutionConfigurationPlatforms) = preSolution
		Debug|Any CPU = Debug|Any CPU
		Release|Any CPU = Release|Any CPU
	EndGlobalSection
	GlobalSection(ProjectConfigurationPlatforms) = postSolution
		{39555D6E-9347-B06D-EAC7-AB1F2BDF3421}.Debug|Any CPU.ActiveCfg = Debug|Any CPU
		{39555D6E-9347-B06D-EAC7-AB1F2BDF3421}.Debug|Any CPU.Build.0 = Debug|Any CPU
		{39555D6E-9347-B06D-EAC7-AB1F2BDF3421}.Release|Any CPU.ActiveCfg = Release|Any CPU
		{39555D6E-9347-B06D-EAC7-AB1F2BDF3421}.Release|Any CPU.Build.0 = Release|Any CPU
	EndGlobalSection
	GlobalSection(SolutionProperties) = preSolution
		HideSolutionNode = FALSE
	EndGlobalSection
EndGlobal
